
Microsoft Visual Studio Solution File, Format Version 12.00
# Visual Studio Version 17
VisualStudioVersion = 17.10.35013.160
MinimumVisualStudioVersion = 10.0.40219.1
Project("{FAE04EC0-301F-11D3-BF4B-00C04F79EFBC}") = "ASPNET_EF", "ASPNET_EF\ASPNET_EF.csproj", "{3AF5FF53-8A2A-423B-BCC7-7C157F720D91}"
EndProject
Global
	GlobalSection(SolutionConfigurationPlatforms) = preSolution
		Debug|Any CPU = Debug|Any CPU
		Release|Any CPU = Release|Any CPU
	EndGlobalSection
	GlobalSection(ProjectConfigurationPlatforms) = postSolution
		{3AF5FF53-8A2A-423B-BCC7-7C157F720D91}.Debug|Any CPU.ActiveCfg = Debug|Any CPU
		{3AF5FF53-8A2A-423B-BCC7-7C157F720D91}.Debug|Any CPU.Build.0 = Debug|Any CPU
		{3AF5FF53-8A2A-423B-BCC7-7C157F720D91}.Release|Any CPU.ActiveCfg = Release|Any CPU
		{3AF5FF53-8A2A-423B-BCC7-7C157F720D91}.Release|Any CPU.Build.0 = Release|Any CPU
	EndGlobalSection
	GlobalSection(SolutionProperties) = preSolution
		HideSolutionNode = FALSE
	EndGlobalSection
	GlobalSection(ExtensibilityGlobals) = postSolution
		SolutionGuid = {DBF418D7-A2EF-45E7-ACA4-959101F7EE65}
	EndGlobalSection
EndGlobal
